{
    "name": "react-markdown-converter",
    "version": "1.0.0",
    "lockfileVersion": 2,
    "requires": true,
    "packages": {
        "": {
            "name": "react-markdown-converter",
            "version": "1.0.0",
            "license": "MIT",
            "dependencies": {
                "markdown-converter": "^0.2.2"
            }
        },
        "node_modules/markdown-converter": {
            "version": "0.2.2",
            "resolved": "https://registry.npmjs.org/markdown-converter/-/markdown-converter-0.2.2.tgz",
            "integrity": "sha512-sSZoWIDX0r364V5OzwX9Bzeavg8dnuGr6a+hWsk22BtMCE4GRTrfpbfA5uSjF833fiHGuXnJtAIKvVX4QlAW4Q=="
        }
    },
    "dependencies": {
        "markdown-converter": {
            "version": "0.2.2",
            "resolved": "https://registry.npmjs.org/markdown-converter/-/markdown-converter-0.2.2.tgz",
            "integrity": "sha512-sSZoWIDX0r364V5OzwX9Bzeavg8dnuGr6a+hWsk22BtMCE4GRTrfpbfA5uSjF833fiHGuXnJtAIKvVX4QlAW4Q=="
        }
    }
}
